// !$*UTF8*$!
{
	archiveVersion = 1;
	classes = {
	};
	objectVersion = 46;
	objects = {

/* Begin PBXBuildFile section */
		7F8D5D7F177A1DB500CBE77A /* PlayingCardDeck.m in Sources */ = {isa = PBXBuildFile; fileRef = 7F8D5D7E177A1DB500CBE77A /* PlayingCardDeck.m */; };
		7F8D5D86177D499C00CBE77A /* CardMatchingGame.m in Sources */ = {isa = PBXBuildFile; fileRef = 7F8D5D85177D499C00CBE77A /* CardMatchingGame.m */; };
		7FC33CF8177A0CAB00A19037 /* UIKit.framework in Frameworks */ = {isa = PBXBuildFile; fileRef = 7FC33CF7177A0CAB00A19037 /* UIKit.framework */; };
		7FC33CFA177A0CAB00A19037 /* Foundation.framework in Frameworks */ = {isa = PBXBuildFile; fileRef = 7FC33CF9177A0CAB00A19037 /* Foundation.framework */; };
		7FC33CFC177A0CAB00A19037 /* CoreGraphics.framework in Frameworks */ = {isa = PBXBuildFile; fileRef = 7FC33CFB177A0CAB00A19037 /* CoreGraphics.framework */; };
		7FC33D02177A0CAB00A19037 /* InfoPlist.strings in Resources */ = {isa = PBXBuildFile; fileRef = 7FC33D00177A0CAB00A19037 /* InfoPlist.strings */; };
		7FC33D04177A0CAB00A19037 /* main.m in Sources */ = {isa = PBXBuildFile; fileRef = 7FC33D03177A0CAB00A19037 /* main.m */; };
		7FC33D08177A0CAB00A19037 /* CardGameAppDelegate.m in Sources */ = {isa = PBXBuildFile; fileRef = 7FC33D07177A0CAB00A19037 /* CardGameAppDelegate.m */; };
		7FC33D0A177A0CAB00A19037 /* Default.png in Resources */ = {isa = PBXBuildFile; fileRef = 7FC33D09177A0CAB00A19037 /* Default.png */; };
		7FC33D0C177A0CAB00A19037 /* Default@2x.png in Resources */ = {isa = PBXBuildFile; fileRef = 7FC33D0B177A0CAB00A19037 /* Default@2x.png */; };
		7FC33D0E177A0CAB00A19037 /* Default-568h@2x.png in Resources */ = {isa = PBXBuildFile; fileRef = 7FC33D0D177A0CAB00A19037 /* Default-568h@2x.png */; };
		7FC33D11177A0CAB00A19037 /* MainStoryboard.storyboard in Resources */ = {isa = PBXBuildFile; fileRef = 7FC33D0F177A0CAB00A19037 /* MainStoryboard.storyboard */; };
		7FC33D14177A0CAB00A19037 /* CardGameViewController.m in Sources */ = {isa = PBXBuildFile; fileRef = 7FC33D13177A0CAB00A19037 /* CardGameViewController.m */; };
		7FC33D1D177A10B100A19037 /* Card.m in Sources */ = {isa = PBXBuildFile; fileRef = 7FC33D1C177A10B100A19037 /* Card.m */; };
		7FC33D20177A120100A19037 /* Deck.m in Sources */ = {isa = PBXBuildFile; fileRef = 7FC33D1F177A120100A19037 /* Deck.m */; };
		7FC33D23177A13DC00A19037 /* PlayingCard.m in Sources */ = {isa = PBXBuildFile; fileRef = 7FC33D22177A13DC00A19037 /* PlayingCard.m */; };
/* End PBXBuildFile section */

/* Begin PBXFileReference section */
		7F8D5D7D177A1DB500CBE77A /* PlayingCardDeck.h */ = {isa = PBXFileReference; fileEncoding = 4; lastKnownFileType = sourcecode.c.h; name = PlayingCardDeck.h; path = Model/PlayingCardDeck.h; sourceTree = "<group>"; };
		7F8D5D7E177A1DB500CBE77A /* PlayingCardDeck.m */ = {isa = PBXFileReference; fileEncoding = 4; lastKnownFileType = sourcecode.c.objc; name = PlayingCardDeck.m; path = Model/PlayingCardDeck.m; sourceTree = "<group>"; };
		7F8D5D84177D499C00CBE77A /* CardMatchingGame.h */ = {isa = PBXFileReference; fileEncoding = 4; lastKnownFileType = sourcecode.c.h; name = CardMatchingGame.h; path = Model/CardMatchingGame.h; sourceTree = "<group>"; };
		7F8D5D85177D499C00CBE77A /* CardMatchingGame.m */ = {isa = PBXFileReference; fileEncoding = 4; lastKnownFileType = sourcecode.c.objc; name = CardMatchingGame.m; path = Model/CardMatchingGame.m; sourceTree = "<group>"; };
		7FC33CF4177A0CAB00A19037 /* Matchismo.app */ = {isa = PBXFileReference; explicitFileType = wrapper.application; includeInIndex = 0; path = Matchismo.app; sourceTree = BUILT_PRODUCTS_DIR; };
		7FC33CF7177A0CAB00A19037 /* UIKit.framework */ = {isa = PBXFileReference; lastKnownFileType = wrapper.framework; name = UIKit.framework; path = System/Library/Frameworks/UIKit.framework; sourceTree = SDKROOT; };
		7FC33CF9177A0CAB00A19037 /* Foundation.framework */ = {isa = PBXFileReference; lastKnownFileType = wrapper.framework; name = Foundation.framework; path = System/Library/Frameworks/Foundation.framework; sourceTree = SDKROOT; };
		7FC33CFB177A0CAB00A19037 /* CoreGraphics.framework */ = {isa = PBXFileReference; lastKnownFileType = wrapper.framework; name = CoreGraphics.framework; path = System/Library/Frameworks/CoreGraphics.framework; sourceTree = SDKROOT; };
		7FC33CFF177A0CAB00A19037 /* Matchismo-Info.plist */ = {isa = PBXFileReference; lastKnownFileType = text.plist.xml; path = "Matchismo-Info.plist"; sourceTree = "<group>"; };
		7FC33D01177A0CAB00A19037 /* en */ = {isa = PBXFileReference; lastKnownFileType = text.plist.strings; name = en; path = en.lproj/InfoPlist.strings; sourceTree = "<group>"; };
		7FC33D03177A0CAB00A19037 /* main.m */ = {isa = PBXFileReference; lastKnownFileType = sourcecode.c.objc; path = main.m; sourceTree = "<group>"; };
		7FC33D05177A0CAB00A19037 /* Matchismo-Prefix.pch */ = {isa = PBXFileReference; lastKnownFileType = sourcecode.c.h; path = "Matchismo-Prefix.pch"; sourceTree = "<group>"; };
		7FC33D06177A0CAB00A19037 /* CardGameAppDelegate.h */ = {isa = PBXFileReference; lastKnownFileType = sourcecode.c.h; path = CardGameAppDelegate.h; sourceTree = "<group>"; };
		7FC33D07177A0CAB00A19037 /* CardGameAppDelegate.m */ = {isa = PBXFileReference; lastKnownFileType = sourcecode.c.objc; path = CardGameAppDelegate.m; sourceTree = "<group>"; };
		7FC33D09177A0CAB00A19037 /* Default.png */ = {isa = PBXFileReference; lastKnownFileType = image.png; path = Default.png; sourceTree = "<group>"; };
		7FC33D0B177A0CAB00A19037 /* Default@2x.png */ = {isa = PBXFileReference; lastKnownFileType = image.png; path = "Default@2x.png"; sourceTree = "<group>"; };
		7FC33D0D177A0CAB00A19037 /* Default-568h@2x.png */ = {isa = PBXFileReference; lastKnownFileType = image.png; path = "Default-568h@2x.png"; sourceTree = "<group>"; };
		7FC33D10177A0CAB00A19037 /* en */ = {isa = PBXFileReference; lastKnownFileType = file.storyboard; name = en; path = en.lproj/MainStoryboard.storyboard; sourceTree = "<group>"; };
		7FC33D12177A0CAB00A19037 /* CardGameViewController.h */ = {isa = PBXFileReference; lastKnownFileType = sourcecode.c.h; path = CardGameViewController.h; sourceTree = "<group>"; };
		7FC33D13177A0CAB00A19037 /* CardGameViewController.m */ = {isa = PBXFileReference; lastKnownFileType = sourcecode.c.objc; path = CardGameViewController.m; sourceTree = "<group>"; };
		7FC33D1B177A10B100A19037 /* Card.h */ = {isa = PBXFileReference; fileEncoding = 4; lastKnownFileType = sourcecode.c.h; name = Card.h; path = Model/Card.h; sourceTree = "<group>"; };
		7FC33D1C177A10B100A19037 /* Card.m */ = {isa = PBXFileReference; fileEncoding = 4; lastKnownFileType = sourcecode.c.objc; name = Card.m; path = Model/Card.m; sourceTree = "<group>"; };
		7FC33D1E177A120100A19037 /* Deck.h */ = {isa = PBXFileReference; fileEncoding = 4; lastKnownFileType = sourcecode.c.h; name = Deck.h; path = Model/Deck.h; sourceTree = "<group>"; };
		7FC33D1F177A120100A19037 /* Deck.m */ = {isa = PBXFileReference; fileEncoding = 4; lastKnownFileType = sourcecode.c.objc; name = Deck.m; path = Model/Deck.m; sourceTree = "<group>"; };
		7FC33D21177A13DC00A19037 /* PlayingCard.h */ = {isa = PBXFileReference; fileEncoding = 4; lastKnownFileType = sourcecode.c.h; name = PlayingCard.h; path = Model/PlayingCard.h; sourceTree = "<group>"; };
		7FC33D22177A13DC00A19037 /* PlayingCard.m */ = {isa = PBXFileReference; fileEncoding = 4; lastKnownFileType = sourcecode.c.objc; name = PlayingCard.m; path = Model/PlayingCard.m; sourceTree = "<group>"; };
/* End PBXFileReference section */

/* Begin PBXFrameworksBuildPhase section */
		7FC33CF1177A0CAB00A19037 /* Frameworks */ = {
			isa = PBXFrameworksBuildPhase;
			buildActionMask = 2147483647;
			files = (
				7FC33CF8177A0CAB00A19037 /* UIKit.framework in Frameworks */,
				7FC33CFA177A0CAB00A19037 /* Foundation.framework in Frameworks */,
				7FC33CFC177A0CAB00A19037 /* CoreGraphics.framework in Frameworks */,
			);
			runOnlyForDeploymentPostprocessing = 0;
		};
/* End PBXFrameworksBuildPhase section */

/* Begin PBXGroup section */
		7FC33CEB177A0CAB00A19037 = {
			isa = PBXGroup;
			children = (
				7FC33CFD177A0CAB00A19037 /* Matchismo */,
				7FC33CF6177A0CAB00A19037 /* Frameworks */,
				7FC33CF5177A0CAB00A19037 /* Products */,
			);
			sourceTree = "<group>";
		};
		7FC33CF5177A0CAB00A19037 /* Products */ = {
			isa = PBXGroup;
			children = (
				7FC33CF4177A0CAB00A19037 /* Matchismo.app */,
			);
			name = Products;
			sourceTree = "<group>";
		};
		7FC33CF6177A0CAB00A19037 /* Frameworks */ = {
			isa = PBXGroup;
			children = (
				7FC33CF7177A0CAB00A19037 /* UIKit.framework */,
				7FC33CF9177A0CAB00A19037 /* Foundation.framework */,
				7FC33CFB177A0CAB00A19037 /* CoreGraphics.framework */,
			);
			name = Frameworks;
			sourceTree = "<group>";
		};
		7FC33CFD177A0CAB00A19037 /* Matchismo */ = {
			isa = PBXGroup;
			children = (
				7FC33D1A177A109900A19037 /* Model */,
				7FC33D0F177A0CAB00A19037 /* MainStoryboard.storyboard */,
				7FC33D12177A0CAB00A19037 /* CardGameViewController.h */,
				7FC33D13177A0CAB00A19037 /* CardGameViewController.m */,
				7FC33CFE177A0CAB00A19037 /* Supporting Files */,
			);
			path = Matchismo;
			sourceTree = "<group>";
		};
		7FC33CFE177A0CAB00A19037 /* Supporting Files */ = {
			isa = PBXGroup;
			children = (
				7FC33D06177A0CAB00A19037 /* CardGameAppDelegate.h */,
				7FC33D07177A0CAB00A19037 /* CardGameAppDelegate.m */,
				7FC33CFF177A0CAB00A19037 /* Matchismo-Info.plist */,
				7FC33D00177A0CAB00A19037 /* InfoPlist.strings */,
				7FC33D03177A0CAB00A19037 /* main.m */,
				7FC33D05177A0CAB00A19037 /* Matchismo-Prefix.pch */,
				7FC33D09177A0CAB00A19037 /* Default.png */,
				7FC33D0B177A0CAB00A19037 /* Default@2x.png */,
				7FC33D0D177A0CAB00A19037 /* Default-568h@2x.png */,
			);
			name = "Supporting Files";
			sourceTree = "<group>";
		};
		7FC33D1A177A109900A19037 /* Model */ = {
			isa = PBXGroup;
			children = (
				7FC33D1B177A10B100A19037 /* Card.h */,
				7FC33D1C177A10B100A19037 /* Card.m */,
				7FC33D1E177A120100A19037 /* Deck.h */,
				7FC33D1F177A120100A19037 /* Deck.m */,
				7FC33D21177A13DC00A19037 /* PlayingCard.h */,
				7FC33D22177A13DC00A19037 /* PlayingCard.m */,
				7F8D5D7D177A1DB500CBE77A /* PlayingCardDeck.h */,
				7F8D5D7E177A1DB500CBE77A /* PlayingCardDeck.m */,
				7F8D5D84177D499C00CBE77A /* CardMatchingGame.h */,
				7F8D5D85177D499C00CBE77A /* CardMatchingGame.m */,
			);
			name = Model;
			sourceTree = "<group>";
		};
/* End PBXGroup section */

/* Begin PBXNativeTarget section */
		7FC33CF3177A0CAB00A19037 /* Matchismo */ = {
			isa = PBXNativeTarget;
			buildConfigurationList = 7FC33D17177A0CAB00A19037 /* Build configuration list for PBXNativeTarget "Matchismo" */;
			buildPhases = (
				7FC33CF0177A0CAB00A19037 /* Sources */,
				7FC33CF1177A0CAB00A19037 /* Frameworks */,
				7FC33CF2177A0CAB00A19037 /* Resources */,
			);
			buildRules = (
			);
			dependencies = (
			);
			name = Matchismo;
			productName = Matchismo;
			productReference = 7FC33CF4177A0CAB00A19037 /* Matchismo.app */;
			productType = "com.apple.product-type.application";
		};
/* End PBXNativeTarget section */

/* Begin PBXProject section */
		7FC33CEC177A0CAB00A19037 /* Project object */ = {
			isa = PBXProject;
			attributes = {
				CLASSPREFIX = CardGame;
				LastUpgradeCheck = 0460;
				ORGANIZATIONNAME = "Xiyuan Liu";
			};
			buildConfigurationList = 7FC33CEF177A0CAB00A19037 /* Build configuration list for PBXProject "Matchismo" */;
			compatibilityVersion = "Xcode 3.2";
			developmentRegion = English;
			hasScannedForEncodings = 0;
			knownRegions = (
				en,
			);
			mainGroup = 7FC33CEB177A0CAB00A19037;
			productRefGroup = 7FC33CF5177A0CAB00A19037 /* Products */;
			projectDirPath = "";
			projectRoot = "";
			targets = (
				7FC33CF3177A0CAB00A19037 /* Matchismo */,
			);
		};
/* End PBXProject section */

/* Begin PBXResourcesBuildPhase section */
		7FC33CF2177A0CAB00A19037 /* Resources */ = {
			isa = PBXResourcesBuildPhase;
			buildActionMask = 2147483647;
			files = (
				7FC33D02177A0CAB00A19037 /* InfoPlist.strings in Resources */,
				7FC33D0A177A0CAB00A19037 /* Default.png in Resources */,
				7FC33D0C177A0CAB00A19037 /* Default@2x.png in Resources */,
				7FC33D0E177A0CAB00A19037 /* Default-568h@2x.png in Resources */,
				7FC33D11177A0CAB00A19037 /* MainStoryboard.storyboard in Resources */,
			);
			runOnlyForDeploymentPostprocessing = 0;
		};
/* End PBXResourcesBuildPhase section */

/* Begin PBXSourcesBuildPhase section */
		7FC33CF0177A0CAB00A19037 /* Sources */ = {
			isa = PBXSourcesBuildPhase;
			buildActionMask = 2147483647;
			files = (
				7FC33D04177A0CAB00A19037 /* main.m in Sources */,
				7FC33D08177A0CAB00A19037 /* CardGameAppDelegate.m in Sources */,
				7FC33D14177A0CAB00A19037 /* CardGameViewController.m in Sources */,
				7FC33D1D177A10B100A19037 /* Card.m in Sources */,
				7FC33D20177A120100A19037 /* Deck.m in Sources */,
				7FC33D23177A13DC00A19037 /* PlayingCard.m in Sources */,
				7F8D5D7F177A1DB500CBE77A /* PlayingCardDeck.m in Sources */,
				7F8D5D86177D499C00CBE77A /* CardMatchingGame.m in Sources */,
			);
			runOnlyForDeploymentPostprocessing = 0;
		};
/* End PBXSourcesBuildPhase section */

/* Begin PBXVariantGroup section */
		7FC33D00177A0CAB00A19037 /* InfoPlist.strings */ = {
			isa = PBXVariantGroup;
			children = (
				7FC33D01177A0CAB00A19037 /* en */,
			);
			name = InfoPlist.strings;
			sourceTree = "<group>";
		};
		7FC33D0F177A0CAB00A19037 /* MainStoryboard.storyboard */ = {
			isa = PBXVariantGroup;
			children = (
				7FC33D10177A0CAB00A19037 /* en */,
			);
			name = MainStoryboard.storyboard;
			sourceTree = "<group>";
		};
/* End PBXVariantGroup section */

/* Begin XCBuildConfiguration section */
		7FC33D15177A0CAB00A19037 /* Debug */ = {
			isa = XCBuildConfiguration;
			buildSettings = {
				ALWAYS_SEARCH_USER_PATHS = NO;
				CLANG_CXX_LANGUAGE_STANDARD = "gnu++0x";
				CLANG_CXX_LIBRARY = "libc++";
				CLANG_ENABLE_OBJC_ARC = YES;
				CLANG_WARN_CONSTANT_CONVERSION = YES;
				CLANG_WARN_EMPTY_BODY = YES;
				CLANG_WARN_ENUM_CONVERSION = YES;
				CLANG_WARN_INT_CONVERSION = YES;
				CLANG_WARN__DUPLICATE_METHOD_MATCH = YES;
				"CODE_SIGN_IDENTITY[sdk=iphoneos*]" = "iPhone Developer";
				COPY_PHASE_STRIP = NO;
				GCC_C_LANGUAGE_STANDARD = gnu99;
				GCC_DYNAMIC_NO_PIC = NO;
				GCC_OPTIMIZATION_LEVEL = 0;
				GCC_PREPROCESSOR_DEFINITIONS = (
					"DEBUG=1",
					"$(inherited)",
				);
				GCC_SYMBOLS_PRIVATE_EXTERN = NO;
				GCC_WARN_ABOUT_RETURN_TYPE = YES;
				GCC_WARN_UNINITIALIZED_AUTOS = YES;
				GCC_WARN_UNUSED_VARIABLE = YES;
				IPHONEOS_DEPLOYMENT_TARGET = 6.1;
				ONLY_ACTIVE_ARCH = YES;
				SDKROOT = iphoneos;
			};
			name = Debug;
		};
		7FC33D16177A0CAB00A19037 /* Release */ = {
			isa = XCBuildConfiguration;
			buildSettings = {
				ALWAYS_SEARCH_USER_PATHS = NO;
				CLANG_CXX_LANGUAGE_STANDARD = "gnu++0x";
				CLANG_CXX_LIBRARY = "libc++";
				CLANG_ENABLE_OBJC_ARC = YES;
				CLANG_WARN_CONSTANT_CONVERSION = YES;
				CLANG_WARN_EMPTY_BODY = YES;
				CLANG_WARN_ENUM_CONVERSION = YES;
				CLANG_WARN_INT_CONVERSION = YES;
				CLANG_WARN__DUPLICATE_METHOD_MATCH = YES;
				"CODE_SIGN_IDENTITY[sdk=iphoneos*]" = "iPhone Developer";
				COPY_PHASE_STRIP = YES;
				GCC_C_LANGUAGE_STANDARD = gnu99;
				GCC_WARN_ABOUT_RETURN_TYPE = YES;
				GCC_WARN_UNINITIALIZED_AUTOS = YES;
				GCC_WARN_UNUSED_VARIABLE = YES;
				IPHONEOS_DEPLOYMENT_TARGET = 6.1;
				OTHER_CFLAGS = "-DNS_BLOCK_ASSERTIONS=1";
				SDKROOT = iphoneos;
				VALIDATE_PRODUCT = YES;
			};
			name = Release;
		};
		7FC33D18177A0CAB00A19037 /* Debug */ = {
			isa = XCBuildConfiguration;
			buildSettings = {
				GCC_PRECOMPILE_PREFIX_HEADER = YES;
				GCC_PREFIX_HEADER = "Matchismo/Matchismo-Prefix.pch";
				INFOPLIST_FILE = "Matchismo/Matchismo-Info.plist";
				PRODUCT_NAME = "$(TARGET_NAME)";
				WRAPPER_EXTENSION = app;
			};
			name = Debug;
		};
		7FC33D19177A0CAB00A19037 /* Release */ = {
			isa = XCBuildConfiguration;
			buildSettings = {
				GCC_PRECOMPILE_PREFIX_HEADER = YES;
				GCC_PREFIX_HEADER = "Matchismo/Matchismo-Prefix.pch";
				INFOPLIST_FILE = "Matchismo/Matchismo-Info.plist";
				PRODUCT_NAME = "$(TARGET_NAME)";
				WRAPPER_EXTENSION = app;
			};
			name = Release;
		};
/* End XCBuildConfiguration section */

/* Begin XCConfigurationList section */
		7FC33CEF177A0CAB00A19037 /* Build configuration list for PBXProject "Matchismo" */ = {
			isa = XCConfigurationList;
			buildConfigurations = (
				7FC33D15177A0CAB00A19037 /* Debug */,
				7FC33D16177A0CAB00A19037 /* Release */,
			);
			defaultConfigurationIsVisible = 0;
			defaultConfigurationName = Release;
		};
		7FC33D17177A0CAB00A19037 /* Build configuration list for PBXNativeTarget "Matchismo" */ = {
			isa = XCConfigurationList;
			buildConfigurations = (
				7FC33D18177A0CAB00A19037 /* Debug */,
				7FC33D19177A0CAB00A19037 /* Release */,
			);
			defaultConfigurationIsVisible = 0;
			defaultConfigurationName = Release;
		};
/* End XCConfigurationList section */
	};
	rootObject = 7FC33CEC177A0CAB00A19037 /* Project object */;
}
